
Microsoft Visual Studio Solution File, Format Version 12.00
# Visual Studio 15
VisualStudioVersion = 15.0.28307.1231
MinimumVisualStudioVersion = 10.0.40219.1
Project("{FAE04EC0-301F-11D3-BF4B-00C04F79EFBC}") = "Lab01_1", "Lab01_1\Lab01_1.csproj", "{53B6E198-AA58-41C7-BA09-8AA47EF14EE8}"
EndProject
Project("{2150E333-8FDC-42A3-9474-1A3956D46DE8}") = "NM", "NM", "{87BFA56B-E48D-4936-AE2A-1AA839C43CC3}"
EndProject
Project("{FAE04EC0-301F-11D3-BF4B-00C04F79EFBC}") = "NMCore", "NM\NMCore\NMCore.csproj", "{14668C83-F027-4562-A0C5-5F361F512C07}"
EndProject
Project("{2150E333-8FDC-42A3-9474-1A3956D46DE8}") = "Controls", "Controls", "{B471B63B-2FD0-4583-93DE-E397F0F606F2}"
EndProject
Project("{FAE04EC0-301F-11D3-BF4B-00C04F79EFBC}") = "ControlsCore", "Controls\ControlsCore\ControlsCore.csproj", "{B2C10FE6-B1B5-4D76-B9BF-016EF0F729A9}"
EndProject
Project("{FAE04EC0-301F-11D3-BF4B-00C04F79EFBC}") = "Lab02_01", "NM\Lab02_01\Lab02_01.csproj", "{CFA64D71-CF10-4A8C-B22B-1C1D03CADAB1}"
EndProject
Project("{FAE04EC0-301F-11D3-BF4B-00C04F79EFBC}") = "Lab05_01", "NM\Lab05_01\Lab05_01.csproj", "{0B0FE342-0C22-431A-A54C-5206625EB5BD}"
EndProject
Project("{FAE04EC0-301F-11D3-BF4B-00C04F79EFBC}") = "Lab08_01", "Lab08_01\Lab08_01.csproj", "{EB31E577-054F-4721-9489-BCB87D64EEC6}"
EndProject
Project("{FAE04EC0-301F-11D3-BF4B-00C04F79EFBC}") = "problem1", "Lab09_01\problem1.csproj", "{16BE43B6-7643-430D-9812-DB00E1A20B5E}"
EndProject
Project("{FAE04EC0-301F-11D3-BF4B-00C04F79EFBC}") = "lab10_01", "lab10_01\lab10_01.csproj", "{FB2A8D1F-27C2-4483-BC06-57C826FA3C44}"
EndProject
Project("{FAE04EC0-301F-11D3-BF4B-00C04F79EFBC}") = "problem2", "problem2\problem2.csproj", "{D8767683-50EC-4F27-AAAD-3BC34285346C}"
EndProject
Global
	GlobalSection(SolutionConfigurationPlatforms) = preSolution
		Debug|Any CPU = Debug|Any CPU
		Release|Any CPU = Release|Any CPU
	EndGlobalSection
	GlobalSection(ProjectConfigurationPlatforms) = postSolution
		{53B6E198-AA58-41C7-BA09-8AA47EF14EE8}.Debug|Any CPU.ActiveCfg = Debug|Any CPU
		{53B6E198-AA58-41C7-BA09-8AA47EF14EE8}.Debug|Any CPU.Build.0 = Debug|Any CPU
		{53B6E198-AA58-41C7-BA09-8AA47EF14EE8}.Release|Any CPU.ActiveCfg = Release|Any CPU
		{53B6E198-AA58-41C7-BA09-8AA47EF14EE8}.Release|Any CPU.Build.0 = Release|Any CPU
		{14668C83-F027-4562-A0C5-5F361F512C07}.Debug|Any CPU.ActiveCfg = Debug|Any CPU
		{14668C83-F027-4562-A0C5-5F361F512C07}.Debug|Any CPU.Build.0 = Debug|Any CPU
		{14668C83-F027-4562-A0C5-5F361F512C07}.Release|Any CPU.ActiveCfg = Release|Any CPU
		{14668C83-F027-4562-A0C5-5F361F512C07}.Release|Any CPU.Build.0 = Release|Any CPU
		{B2C10FE6-B1B5-4D76-B9BF-016EF0F729A9}.Debug|Any CPU.ActiveCfg = Debug|Any CPU
		{B2C10FE6-B1B5-4D76-B9BF-016EF0F729A9}.Debug|Any CPU.Build.0 = Debug|Any CPU
		{B2C10FE6-B1B5-4D76-B9BF-016EF0F729A9}.Release|Any CPU.ActiveCfg = Release|Any CPU
		{B2C10FE6-B1B5-4D76-B9BF-016EF0F729A9}.Release|Any CPU.Build.0 = Release|Any CPU
		{CFA64D71-CF10-4A8C-B22B-1C1D03CADAB1}.Debug|Any CPU.ActiveCfg = Debug|Any CPU
		{CFA64D71-CF10-4A8C-B22B-1C1D03CADAB1}.Debug|Any CPU.Build.0 = Debug|Any CPU
		{CFA64D71-CF10-4A8C-B22B-1C1D03CADAB1}.Release|Any CPU.ActiveCfg = Release|Any CPU
		{CFA64D71-CF10-4A8C-B22B-1C1D03CADAB1}.Release|Any CPU.Build.0 = Release|Any CPU
		{0B0FE342-0C22-431A-A54C-5206625EB5BD}.Debug|Any CPU.ActiveCfg = Debug|Any CPU
		{0B0FE342-0C22-431A-A54C-5206625EB5BD}.Debug|Any CPU.Build.0 = Debug|Any CPU
		{0B0FE342-0C22-431A-A54C-5206625EB5BD}.Release|Any CPU.ActiveCfg = Release|Any CPU
		{0B0FE342-0C22-431A-A54C-5206625EB5BD}.Release|Any CPU.Build.0 = Release|Any CPU
		{EB31E577-054F-4721-9489-BCB87D64EEC6}.Debug|Any CPU.ActiveCfg = Debug|Any CPU
		{EB31E577-054F-4721-9489-BCB87D64EEC6}.Debug|Any CPU.Build.0 = Debug|Any CPU
		{EB31E577-054F-4721-9489-BCB87D64EEC6}.Release|Any CPU.ActiveCfg = Release|Any CPU
		{EB31E577-054F-4721-9489-BCB87D64EEC6}.Release|Any CPU.Build.0 = Release|Any CPU
		{16BE43B6-7643-430D-9812-DB00E1A20B5E}.Debug|Any CPU.ActiveCfg = Debug|Any CPU
		{16BE43B6-7643-430D-9812-DB00E1A20B5E}.Debug|Any CPU.Build.0 = Debug|Any CPU
		{16BE43B6-7643-430D-9812-DB00E1A20B5E}.Release|Any CPU.ActiveCfg = Release|Any CPU
		{16BE43B6-7643-430D-9812-DB00E1A20B5E}.Release|Any CPU.Build.0 = Release|Any CPU
		{FB2A8D1F-27C2-4483-BC06-57C826FA3C44}.Debug|Any CPU.ActiveCfg = Debug|Any CPU
		{FB2A8D1F-27C2-4483-BC06-57C826FA3C44}.Debug|Any CPU.Build.0 = Debug|Any CPU
		{FB2A8D1F-27C2-4483-BC06-57C826FA3C44}.Release|Any CPU.ActiveCfg = Release|Any CPU
		{FB2A8D1F-27C2-4483-BC06-57C826FA3C44}.Release|Any CPU.Build.0 = Release|Any CPU
		{D8767683-50EC-4F27-AAAD-3BC34285346C}.Debug|Any CPU.ActiveCfg = Debug|Any CPU
		{D8767683-50EC-4F27-AAAD-3BC34285346C}.Debug|Any CPU.Build.0 = Debug|Any CPU
		{D8767683-50EC-4F27-AAAD-3BC34285346C}.Release|Any CPU.ActiveCfg = Release|Any CPU
		{D8767683-50EC-4F27-AAAD-3BC34285346C}.Release|Any CPU.Build.0 = Release|Any CPU
	EndGlobalSection
	GlobalSection(SolutionProperties) = preSolution
		HideSolutionNode = FALSE
	EndGlobalSection
	GlobalSection(NestedProjects) = preSolution
		{14668C83-F027-4562-A0C5-5F361F512C07} = {87BFA56B-E48D-4936-AE2A-1AA839C43CC3}
		{B2C10FE6-B1B5-4D76-B9BF-016EF0F729A9} = {B471B63B-2FD0-4583-93DE-E397F0F606F2}
		{CFA64D71-CF10-4A8C-B22B-1C1D03CADAB1} = {87BFA56B-E48D-4936-AE2A-1AA839C43CC3}
		{0B0FE342-0C22-431A-A54C-5206625EB5BD} = {87BFA56B-E48D-4936-AE2A-1AA839C43CC3}
		{EB31E577-054F-4721-9489-BCB87D64EEC6} = {87BFA56B-E48D-4936-AE2A-1AA839C43CC3}
		{16BE43B6-7643-430D-9812-DB00E1A20B5E} = {87BFA56B-E48D-4936-AE2A-1AA839C43CC3}
		{FB2A8D1F-27C2-4483-BC06-57C826FA3C44} = {87BFA56B-E48D-4936-AE2A-1AA839C43CC3}
		{D8767683-50EC-4F27-AAAD-3BC34285346C} = {87BFA56B-E48D-4936-AE2A-1AA839C43CC3}
	EndGlobalSection
	GlobalSection(ExtensibilityGlobals) = postSolution
		SolutionGuid = {C55079C3-E119-421C-8950-7BD68CAA1AEC}
	EndGlobalSection
EndGlobal
